
Microsoft Visual Studio Solution File, Format Version 12.00
Project("{9A19103F-16F7-4668-BE54-9A1E7A4F7556}") = "_build", "build\_build.csproj", "{259A30DB-EEEC-4C72-8172-2567FE83BF08}"
EndProject
Project("{FAE04EC0-301F-11D3-BF4B-00C04F79EFBC}") = "Backend.Fx.Persistence", "src\Backend.Fx.Persistence\Backend.Fx.Persistence.csproj", "{38704849-F9CE-4FD7-9573-5CDD9F5B4507}"
EndProject
Project("{FAE04EC0-301F-11D3-BF4B-00C04F79EFBC}") = "Backend.Fx.Persistence.Oracle", "src\Backend.Fx.Persistence.Oracle\Backend.Fx.Persistence.Oracle.csproj", "{45C002DD-5A34-4259-B667-115C061E1B91}"
EndProject
Project("{FAE04EC0-301F-11D3-BF4B-00C04F79EFBC}") = "Backend.Fx.Persistence.Postgres", "src\Backend.Fx.Persistence.Postgres\Backend.Fx.Persistence.Postgres.csproj", "{D9B601D3-722B-4390-9644-7F01D02C2722}"
EndProject
Project("{FAE04EC0-301F-11D3-BF4B-00C04F79EFBC}") = "Backend.Fx.Persistence.MsSql", "src\Backend.Fx.Persistence.MsSql\Backend.Fx.Persistence.MsSql.csproj", "{82C133A0-4A43-4756-963D-A2FF5686D6EB}"
EndProject
Project("{FAE04EC0-301F-11D3-BF4B-00C04F79EFBC}") = "Backend.Fx.Persistence.Feature", "src\Backend.Fx.Persistence.Feature\Backend.Fx.Persistence.Feature.csproj", "{53005E36-88A6-42A3-8A86-1964751EE755}"
EndProject
Project("{2150E333-8FDC-42A3-9474-1A3956D46DE8}") = "tests", "tests", "{1E541D22-BC78-4159-9E4E-A48BB6B9B12C}"
EndProject
Project("{FAE04EC0-301F-11D3-BF4B-00C04F79EFBC}") = "Backend.Fx.Persistence.Tests", "src\Backend.Fx.Persistence.Tests\Backend.Fx.Persistence.Tests.csproj", "{555FB595-6039-46AB-B40F-B08CC3CD40A0}"
EndProject
Global
	GlobalSection(SolutionConfigurationPlatforms) = preSolution
		Debug|Any CPU = Debug|Any CPU
		Release|Any CPU = Release|Any CPU
	EndGlobalSection
	GlobalSection(ProjectConfigurationPlatforms) = postSolution
		{259A30DB-EEEC-4C72-8172-2567FE83BF08}.Debug|Any CPU.ActiveCfg = Debug|Any CPU
		{259A30DB-EEEC-4C72-8172-2567FE83BF08}.Release|Any CPU.ActiveCfg = Release|Any CPU
		{38704849-F9CE-4FD7-9573-5CDD9F5B4507}.Debug|Any CPU.ActiveCfg = Debug|Any CPU
		{38704849-F9CE-4FD7-9573-5CDD9F5B4507}.Debug|Any CPU.Build.0 = Debug|Any CPU
		{38704849-F9CE-4FD7-9573-5CDD9F5B4507}.Release|Any CPU.ActiveCfg = Release|Any CPU
		{38704849-F9CE-4FD7-9573-5CDD9F5B4507}.Release|Any CPU.Build.0 = Release|Any CPU
		{45C002DD-5A34-4259-B667-115C061E1B91}.Debug|Any CPU.ActiveCfg = Debug|Any CPU
		{45C002DD-5A34-4259-B667-115C061E1B91}.Debug|Any CPU.Build.0 = Debug|Any CPU
		{45C002DD-5A34-4259-B667-115C061E1B91}.Release|Any CPU.ActiveCfg = Release|Any CPU
		{45C002DD-5A34-4259-B667-115C061E1B91}.Release|Any CPU.Build.0 = Release|Any CPU
		{D9B601D3-722B-4390-9644-7F01D02C2722}.Debug|Any CPU.ActiveCfg = Debug|Any CPU
		{D9B601D3-722B-4390-9644-7F01D02C2722}.Debug|Any CPU.Build.0 = Debug|Any CPU
		{D9B601D3-722B-4390-9644-7F01D02C2722}.Release|Any CPU.ActiveCfg = Release|Any CPU
		{D9B601D3-722B-4390-9644-7F01D02C2722}.Release|Any CPU.Build.0 = Release|Any CPU
		{82C133A0-4A43-4756-963D-A2FF5686D6EB}.Debug|Any CPU.ActiveCfg = Debug|Any CPU
		{82C133A0-4A43-4756-963D-A2FF5686D6EB}.Debug|Any CPU.Build.0 = Debug|Any CPU
		{82C133A0-4A43-4756-963D-A2FF5686D6EB}.Release|Any CPU.ActiveCfg = Release|Any CPU
		{82C133A0-4A43-4756-963D-A2FF5686D6EB}.Release|Any CPU.Build.0 = Release|Any CPU
		{53005E36-88A6-42A3-8A86-1964751EE755}.Debug|Any CPU.ActiveCfg = Debug|Any CPU
		{53005E36-88A6-42A3-8A86-1964751EE755}.Debug|Any CPU.Build.0 = Debug|Any CPU
		{53005E36-88A6-42A3-8A86-1964751EE755}.Release|Any CPU.ActiveCfg = Release|Any CPU
		{53005E36-88A6-42A3-8A86-1964751EE755}.Release|Any CPU.Build.0 = Release|Any CPU
		{555FB595-6039-46AB-B40F-B08CC3CD40A0}.Debug|Any CPU.ActiveCfg = Debug|Any CPU
		{555FB595-6039-46AB-B40F-B08CC3CD40A0}.Debug|Any CPU.Build.0 = Debug|Any CPU
		{555FB595-6039-46AB-B40F-B08CC3CD40A0}.Release|Any CPU.ActiveCfg = Release|Any CPU
		{555FB595-6039-46AB-B40F-B08CC3CD40A0}.Release|Any CPU.Build.0 = Release|Any CPU
	EndGlobalSection
	GlobalSection(NestedProjects) = preSolution
		{555FB595-6039-46AB-B40F-B08CC3CD40A0} = {1E541D22-BC78-4159-9E4E-A48BB6B9B12C}
	EndGlobalSection
EndGlobal
